schema: '2.0'
stages:
  ELT:
    cmd: python ./src/data_preprocessor.py -s train test valid -o "./data_store/data/American
      Sign Language Letters.v1-v1.tfrecord"
    deps:
    - path: ./data_store/data/American Sign Language Letters.v1-v1.tensorflow/
      md5: 3ef3d228252d218d96ba7582d537a3d0.dir
      size: 22763606
      nfiles: 1733
    - path: ./src/data_preprocessor.py
      md5: 0d60f3b97614cc15c6396527f23410d9
      size: 5014
    outs:
    - path: ./data_store/data/American Sign Language Letters.v1-v1.tfrecord
      md5: 2077e1790fd986fc7964350771c80d26.dir
      size: 42577489
      nfiles: 3
